PODS:
  - Reachability (3.7.6)
  - SudokuApp (0.0.1):
    - Reachability (~> 3.2)
  - SwiftLint (0.52.4)

DEPENDENCIES:
  - SudokuApp (from `../shared`)
  - SwiftLint

SPEC REPOS:
  trunk:
    - Reachability
    - SwiftLint

EXTERNAL SOURCES:
  SudokuApp:
    :path: "../shared"

SPEC CHECKSUMS:
  Reachability: fd0ecd23705e2599e4cceeb943222ae02296cbc6
  SudokuApp: 74c438aee80621d5cd7ad2ffd82bfa022d5476a2
  SwiftLint: 1cc5cd61ba9bacb2194e340aeb47a2a37fda00b3

PODFILE CHECKSUM: 5fd33dd001998feea5b4f8b6e4c893fd43718152

COCOAPODS: 1.15.2
